
Microsoft Visual Studio Solution File, Format Version 12.00
# Visual Studio 15
VisualStudioVersion = 15.0.26730.16
MinimumVisualStudioVersion = 10.0.40219.1
Project("{8BC9CEB8-8B4A-11D0-8D11-00A0C91BC942}") = "pid", "pid.vcxproj", "{4C5589B6-AE84-4260-99EF-3F4A1B7D9A7A}"
EndProject
Global
	GlobalSection(SolutionConfigurationPlatforms) = preSolution
		Debug|x64 = Debug|x64
		Debug|x86 = Debug|x86
		Release|x64 = Release|x64
		Release|x86 = Release|x86
	EndGlobalSection
	GlobalSection(ProjectConfigurationPlatforms) = postSolution
		{4C5589B6-AE84-4260-99EF-3F4A1B7D9A7A}.Debug|x64.ActiveCfg = Debug|x64
		{4C5589B6-AE84-4260-99EF-3F4A1B7D9A7A}.Debug|x64.Build.0 = Debug|x64
		{4C5589B6-AE84-4260-99EF-3F4A1B7D9A7A}.Debug|x86.ActiveCfg = Debug|Win32
		{4C5589B6-AE84-4260-99EF-3F4A1B7D9A7A}.Debug|x86.Build.0 = Debug|Win32
		{4C5589B6-AE84-4260-99EF-3F4A1B7D9A7A}.Release|x64.ActiveCfg = Release|x64
		{4C5589B6-AE84-4260-99EF-3F4A1B7D9A7A}.Release|x64.Build.0 = Release|x64
		{4C5589B6-AE84-4260-99EF-3F4A1B7D9A7A}.Release|x86.ActiveCfg = Release|Win32
		{4C5589B6-AE84-4260-99EF-3F4A1B7D9A7A}.Release|x86.Build.0 = Release|Win32
	EndGlobalSection
	GlobalSection(SolutionProperties) = preSolution
		HideSolutionNode = FALSE
	EndGlobalSection
	GlobalSection(ExtensibilityGlobals) = postSolution
		SolutionGuid = {C9D693D1-55D1-4447-A693-553D2FE530CD}
	EndGlobalSection
EndGlobal
